
Microsoft Visual Studio Solution File, Format Version 12.00
# Visual Studio Version 17
VisualStudioVersion = 17.4.33213.308
MinimumVisualStudioVersion = 10.0.40219.1
Project("{FAE04EC0-301F-11D3-BF4B-00C04F79EFBC}") = "Admin", "Admin\Admin.csproj", "{4B0C44FE-2360-4476-AE58-E90386DF7532}"
EndProject
Project("{FAE04EC0-301F-11D3-BF4B-00C04F79EFBC}") = "Categories", "Categories\Categories.csproj", "{479ECF33-FDE3-47CC-ADB3-699068802E0D}"
EndProject
Project("{FAE04EC0-301F-11D3-BF4B-00C04F79EFBC}") = "Products", "Products\Products.csproj", "{401A1256-6447-43BE-A355-4D87537FA6D2}"
EndProject
Project("{FAE04EC0-301F-11D3-BF4B-00C04F79EFBC}") = "Cart", "Cart\Cart.csproj", "{D0DCBC8A-E5AA-48F4-90DC-5FA2D65515AB}"
EndProject
Global
	GlobalSection(SolutionConfigurationPlatforms) = preSolution
		Debug|Any CPU = Debug|Any CPU
		Release|Any CPU = Release|Any CPU
	EndGlobalSection
	GlobalSection(ProjectConfigurationPlatforms) = postSolution
		{4B0C44FE-2360-4476-AE58-E90386DF7532}.Debug|Any CPU.ActiveCfg = Debug|Any CPU
		{4B0C44FE-2360-4476-AE58-E90386DF7532}.Debug|Any CPU.Build.0 = Debug|Any CPU
		{4B0C44FE-2360-4476-AE58-E90386DF7532}.Release|Any CPU.ActiveCfg = Release|Any CPU
		{4B0C44FE-2360-4476-AE58-E90386DF7532}.Release|Any CPU.Build.0 = Release|Any CPU
		{479ECF33-FDE3-47CC-ADB3-699068802E0D}.Debug|Any CPU.ActiveCfg = Debug|Any CPU
		{479ECF33-FDE3-47CC-ADB3-699068802E0D}.Debug|Any CPU.Build.0 = Debug|Any CPU
		{479ECF33-FDE3-47CC-ADB3-699068802E0D}.Release|Any CPU.ActiveCfg = Release|Any CPU
		{479ECF33-FDE3-47CC-ADB3-699068802E0D}.Release|Any CPU.Build.0 = Release|Any CPU
		{401A1256-6447-43BE-A355-4D87537FA6D2}.Debug|Any CPU.ActiveCfg = Debug|Any CPU
		{401A1256-6447-43BE-A355-4D87537FA6D2}.Debug|Any CPU.Build.0 = Debug|Any CPU
		{401A1256-6447-43BE-A355-4D87537FA6D2}.Release|Any CPU.ActiveCfg = Release|Any CPU
		{401A1256-6447-43BE-A355-4D87537FA6D2}.Release|Any CPU.Build.0 = Release|Any CPU
		{D0DCBC8A-E5AA-48F4-90DC-5FA2D65515AB}.Debug|Any CPU.ActiveCfg = Debug|Any CPU
		{D0DCBC8A-E5AA-48F4-90DC-5FA2D65515AB}.Debug|Any CPU.Build.0 = Debug|Any CPU
		{D0DCBC8A-E5AA-48F4-90DC-5FA2D65515AB}.Release|Any CPU.ActiveCfg = Release|Any CPU
		{D0DCBC8A-E5AA-48F4-90DC-5FA2D65515AB}.Release|Any CPU.Build.0 = Release|Any CPU
	EndGlobalSection
	GlobalSection(SolutionProperties) = preSolution
		HideSolutionNode = FALSE
	EndGlobalSection
	GlobalSection(ExtensibilityGlobals) = postSolution
		SolutionGuid = {19AC9EF2-121E-4635-9EB4-80FEA8B3BB88}
	EndGlobalSection
EndGlobal
