
Microsoft Visual Studio Solution File, Format Version 12.00
# Visual Studio Version 17
VisualStudioVersion = 17.4.33213.308
MinimumVisualStudioVersion = 10.0.40219.1
Project("{FAE04EC0-301F-11D3-BF4B-00C04F79EFBC}") = "myForm3", "myForm3\myForm3.csproj", "{28980310-5533-462B-A7C4-2761DDA50766}"
EndProject
Global
	GlobalSection(SolutionConfigurationPlatforms) = preSolution
		Debug|Any CPU = Debug|Any CPU
		Release|Any CPU = Release|Any CPU
	EndGlobalSection
	GlobalSection(ProjectConfigurationPlatforms) = postSolution
		{28980310-5533-462B-A7C4-2761DDA50766}.Debug|Any CPU.ActiveCfg = Debug|Any CPU
		{28980310-5533-462B-A7C4-2761DDA50766}.Debug|Any CPU.Build.0 = Debug|Any CPU
		{28980310-5533-462B-A7C4-2761DDA50766}.Release|Any CPU.ActiveCfg = Release|Any CPU
		{28980310-5533-462B-A7C4-2761DDA50766}.Release|Any CPU.Build.0 = Release|Any CPU
	EndGlobalSection
	GlobalSection(SolutionProperties) = preSolution
		HideSolutionNode = FALSE
	EndGlobalSection
	GlobalSection(ExtensibilityGlobals) = postSolution
		SolutionGuid = {AD152B0B-7C3E-4975-998A-DEF33BAF2A63}
	EndGlobalSection
EndGlobal
